// !$*UTF8*$!
{
	archiveVersion = 1;
	classes = {
	};
	objectVersion = 46;
	objects = {

/* Begin PBXBuildFile section */
		18E742D98221D4A4BAD34E9A /* Pods_mai_showcase.framework in Frameworks */ = {isa = PBXBuildFile; fileRef = 56C98DFE36606D9130894B9D /* Pods_mai_showcase.framework */; };
		2C36FB891BF8C036001AD823 /* FeedVC.swift in Sources */ = {isa = PBXBuildFile; fileRef = 2C36FB881BF8C036001AD823 /* FeedVC.swift */; };
		2C36FB8B1BF8C33B001AD823 /* PostCell.swift in Sources */ = {isa = PBXBuildFile; fileRef = 2C36FB8A1BF8C33B001AD823 /* PostCell.swift */; };
		2C36FB8D1BF90F71001AD823 /* Post.swift in Sources */ = {isa = PBXBuildFile; fileRef = 2C36FB8C1BF90F71001AD823 /* Post.swift */; };
		2C86A7D51BF7847A0000FF13 /* AppDelegate.swift in Sources */ = {isa = PBXBuildFile; fileRef = 2C86A7D41BF7847A0000FF13 /* AppDelegate.swift */; };
		2C86A7D71BF7847A0000FF13 /* ViewController.swift in Sources */ = {isa = PBXBuildFile; fileRef = 2C86A7D61BF7847A0000FF13 /* ViewController.swift */; };
		2C86A7DA1BF7847A0000FF13 /* Main.storyboard in Resources */ = {isa = PBXBuildFile; fileRef = 2C86A7D81BF7847A0000FF13 /* Main.storyboard */; };
		2C86A7DC1BF7847A0000FF13 /* Assets.xcassets in Resources */ = {isa = PBXBuildFile; fileRef = 2C86A7DB1BF7847A0000FF13 /* Assets.xcassets */; };
		2C86A7DF1BF7847A0000FF13 /* LaunchScreen.storyboard in Resources */ = {isa = PBXBuildFile; fileRef = 2C86A7DD1BF7847A0000FF13 /* LaunchScreen.storyboard */; };
		2C86A7EE1BF795620000FF13 /* NotoSans-Bold.ttf in Resources */ = {isa = PBXBuildFile; fileRef = 2C86A7EA1BF795620000FF13 /* NotoSans-Bold.ttf */; };
		2C86A7EF1BF795620000FF13 /* NotoSans-BoldItalic.ttf in Resources */ = {isa = PBXBuildFile; fileRef = 2C86A7EB1BF795620000FF13 /* NotoSans-BoldItalic.ttf */; };
		2C86A7F01BF795620000FF13 /* NotoSans-Italic.ttf in Resources */ = {isa = PBXBuildFile; fileRef = 2C86A7EC1BF795620000FF13 /* NotoSans-Italic.ttf */; };
		2C86A7F11BF795620000FF13 /* NotoSans-Regular.ttf in Resources */ = {isa = PBXBuildFile; fileRef = 2C86A7ED1BF795620000FF13 /* NotoSans-Regular.ttf */; };
		2C86A7F31BF7A2630000FF13 /* MaterialView.swift in Sources */ = {isa = PBXBuildFile; fileRef = 2C86A7F21BF7A2630000FF13 /* MaterialView.swift */; };
		2C86A7F61BF7A3D40000FF13 /* Constants.swift in Sources */ = {isa = PBXBuildFile; fileRef = 2C86A7F51BF7A3D40000FF13 /* Constants.swift */; };
		2C86A7F81BF7AE850000FF13 /* MaterialButton.swift in Sources */ = {isa = PBXBuildFile; fileRef = 2C86A7F71BF7AE850000FF13 /* MaterialButton.swift */; };
		2C86A7FA1BF7BB8B0000FF13 /* MaterialTextField.swift in Sources */ = {isa = PBXBuildFile; fileRef = 2C86A7F91BF7BB8B0000FF13 /* MaterialTextField.swift */; };
		2C86A7FF1BF7C94A0000FF13 /* Bolts.framework in Frameworks */ = {isa = PBXBuildFile; fileRef = 2C86A7FC1BF7C94A0000FF13 /* Bolts.framework */; };
		2C86A8001BF7C94A0000FF13 /* FBSDKCoreKit.framework in Frameworks */ = {isa = PBXBuildFile; fileRef = 2C86A7FD1BF7C94A0000FF13 /* FBSDKCoreKit.framework */; };
		2C86A8011BF7C94A0000FF13 /* FBSDKLoginKit.framework in Frameworks */ = {isa = PBXBuildFile; fileRef = 2C86A7FE1BF7C94A0000FF13 /* FBSDKLoginKit.framework */; };
		2C86A8041BF7E5E70000FF13 /* DataService.swift in Sources */ = {isa = PBXBuildFile; fileRef = 2C86A8031BF7E5E70000FF13 /* DataService.swift */; };
/* End PBXBuildFile section */

/* Begin PBXFileReference section */
		2C36FB881BF8C036001AD823 /* FeedVC.swift */ = {isa = PBXFileReference; fileEncoding = 4; lastKnownFileType = sourcecode.swift; path = FeedVC.swift; sourceTree = "<group>"; };
		2C36FB8A1BF8C33B001AD823 /* PostCell.swift */ = {isa = PBXFileReference; fileEncoding = 4; lastKnownFileType = sourcecode.swift; path = PostCell.swift; sourceTree = "<group>"; };
		2C36FB8C1BF90F71001AD823 /* Post.swift */ = {isa = PBXFileReference; fileEncoding = 4; lastKnownFileType = sourcecode.swift; path = Post.swift; sourceTree = "<group>"; };
		2C86A7D11BF7847A0000FF13 /* mai-showcase.app */ = {isa = PBXFileReference; explicitFileType = wrapper.application; includeInIndex = 0; path = "mai-showcase.app"; sourceTree = BUILT_PRODUCTS_DIR; };
		2C86A7D41BF7847A0000FF13 /* AppDelegate.swift */ = {isa = PBXFileReference; lastKnownFileType = sourcecode.swift; path = AppDelegate.swift; sourceTree = "<group>"; };
		2C86A7D61BF7847A0000FF13 /* ViewController.swift */ = {isa = PBXFileReference; lastKnownFileType = sourcecode.swift; path = ViewController.swift; sourceTree = "<group>"; };
		2C86A7D91BF7847A0000FF13 /* Base */ = {isa = PBXFileReference; lastKnownFileType = file.storyboard; name = Base; path = Base.lproj/Main.storyboard; sourceTree = "<group>"; };
		2C86A7DB1BF7847A0000FF13 /* Assets.xcassets */ = {isa = PBXFileReference; lastKnownFileType = folder.assetcatalog; path = Assets.xcassets; sourceTree = "<group>"; };
		2C86A7DE1BF7847A0000FF13 /* Base */ = {isa = PBXFileReference; lastKnownFileType = file.storyboard; name = Base; path = Base.lproj/LaunchScreen.storyboard; sourceTree = "<group>"; };
		2C86A7E01BF7847A0000FF13 /* Info.plist */ = {isa = PBXFileReference; lastKnownFileType = text.plist.xml; path = Info.plist; sourceTree = "<group>"; };
		2C86A7EA1BF795620000FF13 /* NotoSans-Bold.ttf */ = {isa = PBXFileReference; lastKnownFileType = file; path = "NotoSans-Bold.ttf"; sourceTree = "<group>"; };
		2C86A7EB1BF795620000FF13 /* NotoSans-BoldItalic.ttf */ = {isa = PBXFileReference; lastKnownFileType = file; path = "NotoSans-BoldItalic.ttf"; sourceTree = "<group>"; };
		2C86A7EC1BF795620000FF13 /* NotoSans-Italic.ttf */ = {isa = PBXFileReference; lastKnownFileType = file; path = "NotoSans-Italic.ttf"; sourceTree = "<group>"; };
		2C86A7ED1BF795620000FF13 /* NotoSans-Regular.ttf */ = {isa = PBXFileReference; lastKnownFileType = file; path = "NotoSans-Regular.ttf"; sourceTree = "<group>"; };
		2C86A7F21BF7A2630000FF13 /* MaterialView.swift */ = {isa = PBXFileReference; fileEncoding = 4; lastKnownFileType = sourcecode.swift; path = MaterialView.swift; sourceTree = "<group>"; };
		2C86A7F51BF7A3D40000FF13 /* Constants.swift */ = {isa = PBXFileReference; fileEncoding = 4; lastKnownFileType = sourcecode.swift; path = Constants.swift; sourceTree = "<group>"; };
		2C86A7F71BF7AE850000FF13 /* MaterialButton.swift */ = {isa = PBXFileReference; fileEncoding = 4; lastKnownFileType = sourcecode.swift; path = MaterialButton.swift; sourceTree = "<group>"; };
		2C86A7F91BF7BB8B0000FF13 /* MaterialTextField.swift */ = {isa = PBXFileReference; fileEncoding = 4; lastKnownFileType = sourcecode.swift; path = MaterialTextField.swift; sourceTree = "<group>"; };
		2C86A7FC1BF7C94A0000FF13 /* Bolts.framework */ = {isa = PBXFileReference; lastKnownFileType = wrapper.framework; path = Bolts.framework; sourceTree = "<group>"; };
		2C86A7FD1BF7C94A0000FF13 /* FBSDKCoreKit.framework */ = {isa = PBXFileReference; lastKnownFileType = wrapper.framework; path = FBSDKCoreKit.framework; sourceTree = "<group>"; };
		2C86A7FE1BF7C94A0000FF13 /* FBSDKLoginKit.framework */ = {isa = PBXFileReference; lastKnownFileType = wrapper.framework; path = FBSDKLoginKit.framework; sourceTree = "<group>"; };
		2C86A8031BF7E5E70000FF13 /* DataService.swift */ = {isa = PBXFileReference; fileEncoding = 4; lastKnownFileType = sourcecode.swift; path = DataService.swift; sourceTree = "<group>"; };
		56C98DFE36606D9130894B9D /* Pods_mai_showcase.framework */ = {isa = PBXFileReference; explicitFileType = wrapper.framework; includeInIndex = 0; path = Pods_mai_showcase.framework; sourceTree = BUILT_PRODUCTS_DIR; };
		6AC2A73703B7AF53E46AF092 /* Pods-mai-showcase.debug.xcconfig */ = {isa = PBXFileReference; includeInIndex = 1; lastKnownFileType = text.xcconfig; name = "Pods-mai-showcase.debug.xcconfig"; path = "Pods/Target Support Files/Pods-mai-showcase/Pods-mai-showcase.debug.xcconfig"; sourceTree = "<group>"; };
		D0106CCB910F9234736612F5 /* Pods-mai-showcase.release.xcconfig */ = {isa = PBXFileReference; includeInIndex = 1; lastKnownFileType = text.xcconfig; name = "Pods-mai-showcase.release.xcconfig"; path = "Pods/Target Support Files/Pods-mai-showcase/Pods-mai-showcase.release.xcconfig"; sourceTree = "<group>"; };
/* End PBXFileReference section */

/* Begin PBXFrameworksBuildPhase section */
		2C86A7CE1BF7847A0000FF13 /* Frameworks */ = {
			isa = PBXFrameworksBuildPhase;
			buildActionMask = 2147483647;
			files = (
				2C86A7FF1BF7C94A0000FF13 /* Bolts.framework in Frameworks */,
				2C86A8001BF7C94A0000FF13 /* FBSDKCoreKit.framework in Frameworks */,
				2C86A8011BF7C94A0000FF13 /* FBSDKLoginKit.framework in Frameworks */,
				18E742D98221D4A4BAD34E9A /* Pods_mai_showcase.framework in Frameworks */,
			);
			runOnlyForDeploymentPostprocessing = 0;
		};
/* End PBXFrameworksBuildPhase section */

/* Begin PBXGroup section */
		2C86A7C81BF7847A0000FF13 = {
			isa = PBXGroup;
			children = (
				2C86A7D31BF7847A0000FF13 /* mai-showcase */,
				2C86A7D21BF7847A0000FF13 /* Products */,
				401238F32C695193519E4CD0 /* Pods */,
				4A8306152E32CCE525016C33 /* Frameworks */,
			);
			sourceTree = "<group>";
		};
		2C86A7D21BF7847A0000FF13 /* Products */ = {
			isa = PBXGroup;
			children = (
				2C86A7D11BF7847A0000FF13 /* mai-showcase.app */,
			);
			name = Products;
			sourceTree = "<group>";
		};
		2C86A7D31BF7847A0000FF13 /* mai-showcase */ = {
			isa = PBXGroup;
			children = (
				2C86A7FB1BF7C9250000FF13 /* Frameworks */,
				2C86A8021BF7E59E0000FF13 /* Services */,
				2C86A7F41BF7A3AB0000FF13 /* Util */,
				2C86A7E91BF793990000FF13 /* Resources */,
				2C86A7E81BF784CE0000FF13 /* Model */,
				2C86A7E71BF784C80000FF13 /* View */,
				2C86A7E61BF784C00000FF13 /* Controller */,
				2C86A7D41BF7847A0000FF13 /* AppDelegate.swift */,
				2C86A7D81BF7847A0000FF13 /* Main.storyboard */,
				2C86A7DB1BF7847A0000FF13 /* Assets.xcassets */,
				2C86A7DD1BF7847A0000FF13 /* LaunchScreen.storyboard */,
				2C86A7E01BF7847A0000FF13 /* Info.plist */,
			);
			path = "mai-showcase";
			sourceTree = "<group>";
		};
		2C86A7E61BF784C00000FF13 /* Controller */ = {
			isa = PBXGroup;
			children = (
				2C86A7D61BF7847A0000FF13 /* ViewController.swift */,
				2C36FB881BF8C036001AD823 /* FeedVC.swift */,
			);
			name = Controller;
			sourceTree = "<group>";
		};
		2C86A7E71BF784C80000FF13 /* View */ = {
			isa = PBXGroup;
			children = (
				2C86A7F21BF7A2630000FF13 /* MaterialView.swift */,
				2C86A7F71BF7AE850000FF13 /* MaterialButton.swift */,
				2C86A7F91BF7BB8B0000FF13 /* MaterialTextField.swift */,
				2C36FB8A1BF8C33B001AD823 /* PostCell.swift */,
			);
			name = View;
			sourceTree = "<group>";
		};
		2C86A7E81BF784CE0000FF13 /* Model */ = {
			isa = PBXGroup;
			children = (
				2C36FB8C1BF90F71001AD823 /* Post.swift */,
			);
			name = Model;
			sourceTree = "<group>";
		};
		2C86A7E91BF793990000FF13 /* Resources */ = {
			isa = PBXGroup;
			children = (
				2C86A7EA1BF795620000FF13 /* NotoSans-Bold.ttf */,
				2C86A7EB1BF795620000FF13 /* NotoSans-BoldItalic.ttf */,
				2C86A7EC1BF795620000FF13 /* NotoSans-Italic.ttf */,
				2C86A7ED1BF795620000FF13 /* NotoSans-Regular.ttf */,
			);
			name = Resources;
			sourceTree = "<group>";
		};
		2C86A7F41BF7A3AB0000FF13 /* Util */ = {
			isa = PBXGroup;
			children = (
				2C86A7F51BF7A3D40000FF13 /* Constants.swift */,
			);
			name = Util;
			sourceTree = "<group>";
		};
		2C86A7FB1BF7C9250000FF13 /* Frameworks */ = {
			isa = PBXGroup;
			children = (
				2C86A7FC1BF7C94A0000FF13 /* Bolts.framework */,
				2C86A7FD1BF7C94A0000FF13 /* FBSDKCoreKit.framework */,
				2C86A7FE1BF7C94A0000FF13 /* FBSDKLoginKit.framework */,
			);
			name = Frameworks;
			sourceTree = "<group>";
		};
		2C86A8021BF7E59E0000FF13 /* Services */ = {
			isa = PBXGroup;
			children = (
				2C86A8031BF7E5E70000FF13 /* DataService.swift */,
			);
			name = Services;
			sourceTree = "<group>";
		};
		401238F32C695193519E4CD0 /* Pods */ = {
			isa = PBXGroup;
			children = (
				6AC2A73703B7AF53E46AF092 /* Pods-mai-showcase.debug.xcconfig */,
				D0106CCB910F9234736612F5 /* Pods-mai-showcase.release.xcconfig */,
			);
			name = Pods;
			sourceTree = "<group>";
		};
		4A8306152E32CCE525016C33 /* Frameworks */ = {
			isa = PBXGroup;
			children = (
				56C98DFE36606D9130894B9D /* Pods_mai_showcase.framework */,
			);
			name = Frameworks;
			sourceTree = "<group>";
		};
/* End PBXGroup section */

/* Begin PBXNativeTarget section */
		2C86A7D01BF7847A0000FF13 /* mai-showcase */ = {
			isa = PBXNativeTarget;
			buildConfigurationList = 2C86A7E31BF7847A0000FF13 /* Build configuration list for PBXNativeTarget "mai-showcase" */;
			buildPhases = (
				C7D2FF2F1F603D17FC1821A4 /* Check Pods Manifest.lock */,
				2C86A7CD1BF7847A0000FF13 /* Sources */,
				2C86A7CE1BF7847A0000FF13 /* Frameworks */,
				2C86A7CF1BF7847A0000FF13 /* Resources */,
				D1BF07C4046A53802E6698CD /* Embed Pods Frameworks */,
				8B78E5FB346250381CE5BFB0 /* Copy Pods Resources */,
			);
			buildRules = (
			);
			dependencies = (
			);
			name = "mai-showcase";
			productName = "mai-showcase";
			productReference = 2C86A7D11BF7847A0000FF13 /* mai-showcase.app */;
			productType = "com.apple.product-type.application";
		};
/* End PBXNativeTarget section */

/* Begin PBXProject section */
		2C86A7C91BF7847A0000FF13 /* Project object */ = {
			isa = PBXProject;
			attributes = {
				LastSwiftUpdateCheck = 0710;
				LastUpgradeCheck = 0710;
				ORGANIZATIONNAME = "Siew Mai Chan";
				TargetAttributes = {
					2C86A7D01BF7847A0000FF13 = {
						CreatedOnToolsVersion = 7.1;
					};
				};
			};
			buildConfigurationList = 2C86A7CC1BF7847A0000FF13 /* Build configuration list for PBXProject "mai-showcase" */;
			compatibilityVersion = "Xcode 3.2";
			developmentRegion = English;
			hasScannedForEncodings = 0;
			knownRegions = (
				en,
				Base,
			);
			mainGroup = 2C86A7C81BF7847A0000FF13;
			productRefGroup = 2C86A7D21BF7847A0000FF13 /* Products */;
			projectDirPath = "";
			projectRoot = "";
			targets = (
				2C86A7D01BF7847A0000FF13 /* mai-showcase */,
			);
		};
/* End PBXProject section */

/* Begin PBXResourcesBuildPhase section */
		2C86A7CF1BF7847A0000FF13 /* Resources */ = {
			isa = PBXResourcesBuildPhase;
			buildActionMask = 2147483647;
			files = (
				2C86A7EE1BF795620000FF13 /* NotoSans-Bold.ttf in Resources */,
				2C86A7DF1BF7847A0000FF13 /* LaunchScreen.storyboard in Resources */,
				2C86A7EF1BF795620000FF13 /* NotoSans-BoldItalic.ttf in Resources */,
				2C86A7F01BF795620000FF13 /* NotoSans-Italic.ttf in Resources */,
				2C86A7DC1BF7847A0000FF13 /* Assets.xcassets in Resources */,
				2C86A7DA1BF7847A0000FF13 /* Main.storyboard in Resources */,
				2C86A7F11BF795620000FF13 /* NotoSans-Regular.ttf in Resources */,
			);
			runOnlyForDeploymentPostprocessing = 0;
		};
/* End PBXResourcesBuildPhase section */

/* Begin PBXShellScriptBuildPhase section */
		8B78E5FB346250381CE5BFB0 /* Copy Pods Resources */ = {
			isa = PBXShellScriptBuildPhase;
			buildActionMask = 2147483647;
			files = (
			);
			inputPaths = (
			);
			name = "Copy Pods Resources";
			outputPaths = (
			);
			runOnlyForDeploymentPostprocessing = 0;
			shellPath = /bin/sh;
			shellScript = "\"${SRCROOT}/Pods/Target Support Files/Pods-mai-showcase/Pods-mai-showcase-resources.sh\"\n";
			showEnvVarsInLog = 0;
		};
		C7D2FF2F1F603D17FC1821A4 /* Check Pods Manifest.lock */ = {
			isa = PBXShellScriptBuildPhase;
			buildActionMask = 2147483647;
			files = (
			);
			inputPaths = (
			);
			name = "Check Pods Manifest.lock";
			outputPaths = (
			);
			runOnlyForDeploymentPostprocessing = 0;
			shellPath = /bin/sh;
			shellScript = "diff \"${PODS_ROOT}/../Podfile.lock\" \"${PODS_ROOT}/Manifest.lock\" > /dev/null\nif [[ $? != 0 ]] ; then\n    cat << EOM\nerror: The sandbox is not in sync with the Podfile.lock. Run 'pod install' or update your CocoaPods installation.\nEOM\n    exit 1\nfi\n";
			showEnvVarsInLog = 0;
		};
		D1BF07C4046A53802E6698CD /* Embed Pods Frameworks */ = {
			isa = PBXShellScriptBuildPhase;
			buildActionMask = 2147483647;
			files = (
			);
			inputPaths = (
			);
			name = "Embed Pods Frameworks";
			outputPaths = (
			);
			runOnlyForDeploymentPostprocessing = 0;
			shellPath = /bin/sh;
			shellScript = "\"${SRCROOT}/Pods/Target Support Files/Pods-mai-showcase/Pods-mai-showcase-frameworks.sh\"\n";
			showEnvVarsInLog = 0;
		};
/* End PBXShellScriptBuildPhase section */

/* Begin PBXSourcesBuildPhase section */
		2C86A7CD1BF7847A0000FF13 /* Sources */ = {
			isa = PBXSourcesBuildPhase;
			buildActionMask = 2147483647;
			files = (
				2C86A7FA1BF7BB8B0000FF13 /* MaterialTextField.swift in Sources */,
				2C86A8041BF7E5E70000FF13 /* DataService.swift in Sources */,
				2C86A7F31BF7A2630000FF13 /* MaterialView.swift in Sources */,
				2C86A7D71BF7847A0000FF13 /* ViewController.swift in Sources */,
				2C36FB891BF8C036001AD823 /* FeedVC.swift in Sources */,
				2C36FB8B1BF8C33B001AD823 /* PostCell.swift in Sources */,
				2C86A7D51BF7847A0000FF13 /* AppDelegate.swift in Sources */,
				2C86A7F61BF7A3D40000FF13 /* Constants.swift in Sources */,
				2C86A7F81BF7AE850000FF13 /* MaterialButton.swift in Sources */,
				2C36FB8D1BF90F71001AD823 /* Post.swift in Sources */,
			);
			runOnlyForDeploymentPostprocessing = 0;
		};
/* End PBXSourcesBuildPhase section */

/* Begin PBXVariantGroup section */
		2C86A7D81BF7847A0000FF13 /* Main.storyboard */ = {
			isa = PBXVariantGroup;
			children = (
				2C86A7D91BF7847A0000FF13 /* Base */,
			);
			name = Main.storyboard;
			sourceTree = "<group>";
		};
		2C86A7DD1BF7847A0000FF13 /* LaunchScreen.storyboard */ = {
			isa = PBXVariantGroup;
			children = (
				2C86A7DE1BF7847A0000FF13 /* Base */,
			);
			name = LaunchScreen.storyboard;
			sourceTree = "<group>";
		};
/* End PBXVariantGroup section */

/* Begin XCBuildConfiguration section */
		2C86A7E11BF7847A0000FF13 /* Debug */ = {
			isa = XCBuildConfiguration;
			buildSettings = {
				ALWAYS_SEARCH_USER_PATHS = NO;
				CLANG_CXX_LANGUAGE_STANDARD = "gnu++0x";
				CLANG_CXX_LIBRARY = "libc++";
				CLANG_ENABLE_MODULES = YES;
				CLANG_ENABLE_OBJC_ARC = YES;
				CLANG_WARN_BOOL_CONVERSION = YES;
				CLANG_WARN_CONSTANT_CONVERSION = YES;
				CLANG_WARN_DIRECT_OBJC_ISA_USAGE = YES_ERROR;
				CLANG_WARN_EMPTY_BODY = YES;
				CLANG_WARN_ENUM_CONVERSION = YES;
				CLANG_WARN_INT_CONVERSION = YES;
				CLANG_WARN_OBJC_ROOT_CLASS = YES_ERROR;
				CLANG_WARN_UNREACHABLE_CODE = YES;
				CLANG_WARN__DUPLICATE_METHOD_MATCH = YES;
				"CODE_SIGN_IDENTITY[sdk=iphoneos*]" = "iPhone Developer";
				COPY_PHASE_STRIP = NO;
				DEBUG_INFORMATION_FORMAT = dwarf;
				ENABLE_STRICT_OBJC_MSGSEND = YES;
				ENABLE_TESTABILITY = YES;
				GCC_C_LANGUAGE_STANDARD = gnu99;
				GCC_DYNAMIC_NO_PIC = NO;
				GCC_NO_COMMON_BLOCKS = YES;
				GCC_OPTIMIZATION_LEVEL = 0;
				GCC_PREPROCESSOR_DEFINITIONS = (
					"DEBUG=1",
					"$(inherited)",
				);
				GCC_WARN_64_TO_32_BIT_CONVERSION = YES;
				GCC_WARN_ABOUT_RETURN_TYPE = YES_ERROR;
				GCC_WARN_UNDECLARED_SELECTOR = YES;
				GCC_WARN_UNINITIALIZED_AUTOS = YES_AGGRESSIVE;
				GCC_WARN_UNUSED_FUNCTION = YES;
				GCC_WARN_UNUSED_VARIABLE = YES;
				IPHONEOS_DEPLOYMENT_TARGET = 9.1;
				MTL_ENABLE_DEBUG_INFO = YES;
				ONLY_ACTIVE_ARCH = YES;
				SDKROOT = iphoneos;
				SWIFT_OPTIMIZATION_LEVEL = "-Onone";
				TARGETED_DEVICE_FAMILY = "1,2";
			};
			name = Debug;
		};
		2C86A7E21BF7847A0000FF13 /* Release */ = {
			isa = XCBuildConfiguration;
			buildSettings = {
				ALWAYS_SEARCH_USER_PATHS = NO;
				CLANG_CXX_LANGUAGE_STANDARD = "gnu++0x";
				CLANG_CXX_LIBRARY = "libc++";
				CLANG_ENABLE_MODULES = YES;
				CLANG_ENABLE_OBJC_ARC = YES;
				CLANG_WARN_BOOL_CONVERSION = YES;
				CLANG_WARN_CONSTANT_CONVERSION = YES;
				CLANG_WARN_DIRECT_OBJC_ISA_USAGE = YES_ERROR;
				CLANG_WARN_EMPTY_BODY = YES;
				CLANG_WARN_ENUM_CONVERSION = YES;
				CLANG_WARN_INT_CONVERSION = YES;
				CLANG_WARN_OBJC_ROOT_CLASS = YES_ERROR;
				CLANG_WARN_UNREACHABLE_CODE = YES;
				CLANG_WARN__DUPLICATE_METHOD_MATCH = YES;
				"CODE_SIGN_IDENTITY[sdk=iphoneos*]" = "iPhone Developer";
				COPY_PHASE_STRIP = NO;
				DEBUG_INFORMATION_FORMAT = "dwarf-with-dsym";
				ENABLE_NS_ASSERTIONS = NO;
				ENABLE_STRICT_OBJC_MSGSEND = YES;
				GCC_C_LANGUAGE_STANDARD = gnu99;
				GCC_NO_COMMON_BLOCKS = YES;
				GCC_WARN_64_TO_32_BIT_CONVERSION = YES;
				GCC_WARN_ABOUT_RETURN_TYPE = YES_ERROR;
				GCC_WARN_UNDECLARED_SELECTOR = YES;
				GCC_WARN_UNINITIALIZED_AUTOS = YES_AGGRESSIVE;
				GCC_WARN_UNUSED_FUNCTION = YES;
				GCC_WARN_UNUSED_VARIABLE = YES;
				IPHONEOS_DEPLOYMENT_TARGET = 9.1;
				MTL_ENABLE_DEBUG_INFO = NO;
				SDKROOT = iphoneos;
				TARGETED_DEVICE_FAMILY = "1,2";
				VALIDATE_PRODUCT = YES;
			};
			name = Release;
		};
		2C86A7E41BF7847A0000FF13 /* Debug */ = {
			isa = XCBuildConfiguration;
			baseConfigurationReference = 6AC2A73703B7AF53E46AF092 /* Pods-mai-showcase.debug.xcconfig */;
			buildSettings = {
				ASSETCATALOG_COMPILER_APPICON_NAME = AppIcon;
				FRAMEWORK_SEARCH_PATHS = (
					"$(inherited)",
					"$(PROJECT_DIR)/mai-showcase",
				);
				INFOPLIST_FILE = "mai-showcase/Info.plist";
				IPHONEOS_DEPLOYMENT_TARGET = 9.0;
				LD_RUNPATH_SEARCH_PATHS = "$(inherited) @executable_path/Frameworks";
				PRODUCT_BUNDLE_IDENTIFIER = com.siewmai.showcase;
				PRODUCT_NAME = "$(TARGET_NAME)";
			};
			name = Debug;
		};
		2C86A7E51BF7847A0000FF13 /* Release */ = {
			isa = XCBuildConfiguration;
			baseConfigurationReference = D0106CCB910F9234736612F5 /* Pods-mai-showcase.release.xcconfig */;
			buildSettings = {
				ASSETCATALOG_COMPILER_APPICON_NAME = AppIcon;
				FRAMEWORK_SEARCH_PATHS = (
					"$(inherited)",
					"$(PROJECT_DIR)/mai-showcase",
				);
				INFOPLIST_FILE = "mai-showcase/Info.plist";
				IPHONEOS_DEPLOYMENT_TARGET = 9.0;
				LD_RUNPATH_SEARCH_PATHS = "$(inherited) @executable_path/Frameworks";
				PRODUCT_BUNDLE_IDENTIFIER = com.siewmai.showcase;
				PRODUCT_NAME = "$(TARGET_NAME)";
			};
			name = Release;
		};
/* End XCBuildConfiguration section */

/* Begin XCConfigurationList section */
		2C86A7CC1BF7847A0000FF13 /* Build configuration list for PBXProject "mai-showcase" */ = {
			isa = XCConfigurationList;
			buildConfigurations = (
				2C86A7E11BF7847A0000FF13 /* Debug */,
				2C86A7E21BF7847A0000FF13 /* Release */,
			);
			defaultConfigurationIsVisible = 0;
			defaultConfigurationName = Release;
		};
		2C86A7E31BF7847A0000FF13 /* Build configuration list for PBXNativeTarget "mai-showcase" */ = {
			isa = XCConfigurationList;
			buildConfigurations = (
				2C86A7E41BF7847A0000FF13 /* Debug */,
				2C86A7E51BF7847A0000FF13 /* Release */,
			);
			defaultConfigurationIsVisible = 0;
			defaultConfigurationName = Release;
		};
/* End XCConfigurationList section */
	};
	rootObject = 2C86A7C91BF7847A0000FF13 /* Project object */;
}
